
Microsoft Visual Studio Solution File, Format Version 12.00
# Visual Studio Version 16
VisualStudioVersion = 16.0.30907.101
MinimumVisualStudioVersion = 10.0.40219.1
Project("{9A19103F-16F7-4668-BE54-9A1E7A4F7556}") = "Csharp2Opdrachten", "Csharp2Opdrachten\Csharp2Opdrachten.csproj", "{AD1392F5-5A93-44BD-867A-2D9BCC499B72}"
EndProject
Project("{FAE04EC0-301F-11D3-BF4B-00C04F79EFBC}") = "EnumsOpdracht", "EnumsOpdracht\EnumsOpdracht.csproj", "{C99FDE43-A1BB-4290-8E4A-D0BB46D089F8}"
EndProject
Global
	GlobalSection(SolutionConfigurationPlatforms) = preSolution
		Debug|Any CPU = Debug|Any CPU
		Release|Any CPU = Release|Any CPU
	EndGlobalSection
	GlobalSection(ProjectConfigurationPlatforms) = postSolution
		{AD1392F5-5A93-44BD-867A-2D9BCC499B72}.Debug|Any CPU.ActiveCfg = Debug|Any CPU
		{AD1392F5-5A93-44BD-867A-2D9BCC499B72}.Debug|Any CPU.Build.0 = Debug|Any CPU
		{AD1392F5-5A93-44BD-867A-2D9BCC499B72}.Release|Any CPU.ActiveCfg = Release|Any CPU
		{AD1392F5-5A93-44BD-867A-2D9BCC499B72}.Release|Any CPU.Build.0 = Release|Any CPU
		{C99FDE43-A1BB-4290-8E4A-D0BB46D089F8}.Debug|Any CPU.ActiveCfg = Debug|Any CPU
		{C99FDE43-A1BB-4290-8E4A-D0BB46D089F8}.Debug|Any CPU.Build.0 = Debug|Any CPU
		{C99FDE43-A1BB-4290-8E4A-D0BB46D089F8}.Release|Any CPU.ActiveCfg = Release|Any CPU
		{C99FDE43-A1BB-4290-8E4A-D0BB46D089F8}.Release|Any CPU.Build.0 = Release|Any CPU
	EndGlobalSection
	GlobalSection(SolutionProperties) = preSolution
		HideSolutionNode = FALSE
	EndGlobalSection
	GlobalSection(ExtensibilityGlobals) = postSolution
		SolutionGuid = {90C9B29C-B0F0-40BD-863C-5634FD977D12}
	EndGlobalSection
EndGlobal
